
Microsoft Visual Studio Solution File, Format Version 12.00
# Visual Studio Version 17
VisualStudioVersion = 17.4.33213.308
MinimumVisualStudioVersion = 10.0.40219.1
Project("{9A19103F-16F7-4668-BE54-9A1E7A4F7556}") = "IntroCamp", "IntroCamp\IntroCamp.csproj", "{4EC3FF8F-8D7E-4970-8014-A013033DE139}"
EndProject
Project("{FAE04EC0-301F-11D3-BF4B-00C04F79EFBC}") = "Loops", "Loops\Loops.csproj", "{B6BDD6D8-5DB7-4F9D-B278-F1E2513CE7F7}"
EndProject
Project("{FAE04EC0-301F-11D3-BF4B-00C04F79EFBC}") = "ClassIntro", "ClassIntro\ClassIntro.csproj", "{4F0B505A-A72D-419D-B6A0-359BEAF813FC}"
EndProject
Project("{FAE04EC0-301F-11D3-BF4B-00C04F79EFBC}") = "Methods", "Methods\Methods.csproj", "{FCA7858D-3A2A-4564-B4EA-AC14F541DE49}"
EndProject
Project("{FAE04EC0-301F-11D3-BF4B-00C04F79EFBC}") = "Calculus", "Calculus\Calculus.csproj", "{92434584-1424-43F6-9F2A-537D90CE07E0}"
EndProject
Global
	GlobalSection(SolutionConfigurationPlatforms) = preSolution
		Debug|Any CPU = Debug|Any CPU
		Release|Any CPU = Release|Any CPU
	EndGlobalSection
	GlobalSection(ProjectConfigurationPlatforms) = postSolution
		{4EC3FF8F-8D7E-4970-8014-A013033DE139}.Debug|Any CPU.ActiveCfg = Debug|Any CPU
		{4EC3FF8F-8D7E-4970-8014-A013033DE139}.Debug|Any CPU.Build.0 = Debug|Any CPU
		{4EC3FF8F-8D7E-4970-8014-A013033DE139}.Release|Any CPU.ActiveCfg = Release|Any CPU
		{4EC3FF8F-8D7E-4970-8014-A013033DE139}.Release|Any CPU.Build.0 = Release|Any CPU
		{B6BDD6D8-5DB7-4F9D-B278-F1E2513CE7F7}.Debug|Any CPU.ActiveCfg = Debug|Any CPU
		{B6BDD6D8-5DB7-4F9D-B278-F1E2513CE7F7}.Debug|Any CPU.Build.0 = Debug|Any CPU
		{B6BDD6D8-5DB7-4F9D-B278-F1E2513CE7F7}.Release|Any CPU.ActiveCfg = Release|Any CPU
		{B6BDD6D8-5DB7-4F9D-B278-F1E2513CE7F7}.Release|Any CPU.Build.0 = Release|Any CPU
		{4F0B505A-A72D-419D-B6A0-359BEAF813FC}.Debug|Any CPU.ActiveCfg = Debug|Any CPU
		{4F0B505A-A72D-419D-B6A0-359BEAF813FC}.Debug|Any CPU.Build.0 = Debug|Any CPU
		{4F0B505A-A72D-419D-B6A0-359BEAF813FC}.Release|Any CPU.ActiveCfg = Release|Any CPU
		{4F0B505A-A72D-419D-B6A0-359BEAF813FC}.Release|Any CPU.Build.0 = Release|Any CPU
		{FCA7858D-3A2A-4564-B4EA-AC14F541DE49}.Debug|Any CPU.ActiveCfg = Debug|Any CPU
		{FCA7858D-3A2A-4564-B4EA-AC14F541DE49}.Debug|Any CPU.Build.0 = Debug|Any CPU
		{FCA7858D-3A2A-4564-B4EA-AC14F541DE49}.Release|Any CPU.ActiveCfg = Release|Any CPU
		{FCA7858D-3A2A-4564-B4EA-AC14F541DE49}.Release|Any CPU.Build.0 = Release|Any CPU
		{92434584-1424-43F6-9F2A-537D90CE07E0}.Debug|Any CPU.ActiveCfg = Debug|Any CPU
		{92434584-1424-43F6-9F2A-537D90CE07E0}.Debug|Any CPU.Build.0 = Debug|Any CPU
		{92434584-1424-43F6-9F2A-537D90CE07E0}.Release|Any CPU.ActiveCfg = Release|Any CPU
		{92434584-1424-43F6-9F2A-537D90CE07E0}.Release|Any CPU.Build.0 = Release|Any CPU
	EndGlobalSection
	GlobalSection(SolutionProperties) = preSolution
		HideSolutionNode = FALSE
	EndGlobalSection
	GlobalSection(ExtensibilityGlobals) = postSolution
		SolutionGuid = {86C8210E-89E2-4261-BEC7-D09A55F67782}
	EndGlobalSection
EndGlobal
